
Microsoft Visual Studio Solution File, Format Version 12.00
# Visual Studio Version 17
VisualStudioVersion = 17.4.33205.214
MinimumVisualStudioVersion = 10.0.40219.1
Project("{9A19103F-16F7-4668-BE54-9A1E7A4F7556}") = "AWSApiConciertos", "AWSApiConciertos\AWSApiConciertos.csproj", "{7125B16A-0629-4B81-8DFF-3DE55773A6D9}"
EndProject
Global
	GlobalSection(SolutionConfigurationPlatforms) = preSolution
		Debug|Any CPU = Debug|Any CPU
		Release|Any CPU = Release|Any CPU
	EndGlobalSection
	GlobalSection(ProjectConfigurationPlatforms) = postSolution
		{7125B16A-0629-4B81-8DFF-3DE55773A6D9}.Debug|Any CPU.ActiveCfg = Debug|Any CPU
		{7125B16A-0629-4B81-8DFF-3DE55773A6D9}.Debug|Any CPU.Build.0 = Debug|Any CPU
		{7125B16A-0629-4B81-8DFF-3DE55773A6D9}.Release|Any CPU.ActiveCfg = Release|Any CPU
		{7125B16A-0629-4B81-8DFF-3DE55773A6D9}.Release|Any CPU.Build.0 = Release|Any CPU
	EndGlobalSection
	GlobalSection(SolutionProperties) = preSolution
		HideSolutionNode = FALSE
	EndGlobalSection
	GlobalSection(ExtensibilityGlobals) = postSolution
		SolutionGuid = {1F827066-98B5-4BD2-8743-DEC0C0E5AC72}
	EndGlobalSection
EndGlobal
